
Microsoft Visual Studio Solution File, Format Version 12.00
# Visual Studio 2013
VisualStudioVersion = 12.0.40629.0
MinimumVisualStudioVersion = 10.0.40219.1
Project("{8BC9CEB8-8B4A-11D0-8D11-00A0C91BC942}") = "e.net", "e.net\e.net.vcxproj", "{E3B371A7-0221-467D-BED5-B83EB78D42DB}"
EndProject
Project("{8BC9CEB8-8B4A-11D0-8D11-00A0C91BC942}") = "donet2ec", "donet2ec\donet2ec.vcxproj", "{3EDB5A8A-9392-4D4D-94FE-42FD963E2B3D}"
EndProject
Project("{FAE04EC0-301F-11D3-BF4B-00C04F79EFBC}") = "gff", "gff\gff.csproj", "{438C03AA-4E29-4010-BBC7-CE46388EF706}"
EndProject
Project("{FAE04EC0-301F-11D3-BF4B-00C04F79EFBC}") = "krnln.plugin", "krnln.plugin\krnln.plugin.csproj", "{41A616C3-D6E8-4BF0-BB97-C4A4DAB01301}"
EndProject
Project("{8BC9CEB8-8B4A-11D0-8D11-00A0C91BC942}") = "plugin", "plugin\plugin.vcxproj", "{B2E512E7-22D6-40B4-8335-D35C250BE848}"
EndProject
Global
	GlobalSection(SolutionConfigurationPlatforms) = preSolution
		Debug|Any CPU = Debug|Any CPU
		Debug|Mixed Platforms = Debug|Mixed Platforms
		Debug|Win32 = Debug|Win32
		Release|Any CPU = Release|Any CPU
		Release|Mixed Platforms = Release|Mixed Platforms
		Release|Win32 = Release|Win32
	EndGlobalSection
	GlobalSection(ProjectConfigurationPlatforms) = postSolution
		{E3B371A7-0221-467D-BED5-B83EB78D42DB}.Debug|Any CPU.ActiveCfg = Debug|Win32
		{E3B371A7-0221-467D-BED5-B83EB78D42DB}.Debug|Any CPU.Build.0 = Debug|Win32
		{E3B371A7-0221-467D-BED5-B83EB78D42DB}.Debug|Mixed Platforms.ActiveCfg = Debug|Win32
		{E3B371A7-0221-467D-BED5-B83EB78D42DB}.Debug|Mixed Platforms.Build.0 = Debug|Win32
		{E3B371A7-0221-467D-BED5-B83EB78D42DB}.Debug|Win32.ActiveCfg = Debug|Win32
		{E3B371A7-0221-467D-BED5-B83EB78D42DB}.Debug|Win32.Build.0 = Debug|Win32
		{E3B371A7-0221-467D-BED5-B83EB78D42DB}.Release|Any CPU.ActiveCfg = Release|Win32
		{E3B371A7-0221-467D-BED5-B83EB78D42DB}.Release|Any CPU.Build.0 = Release|Win32
		{E3B371A7-0221-467D-BED5-B83EB78D42DB}.Release|Mixed Platforms.ActiveCfg = Release|Win32
		{E3B371A7-0221-467D-BED5-B83EB78D42DB}.Release|Mixed Platforms.Build.0 = Release|Win32
		{E3B371A7-0221-467D-BED5-B83EB78D42DB}.Release|Win32.ActiveCfg = Release|Win32
		{E3B371A7-0221-467D-BED5-B83EB78D42DB}.Release|Win32.Build.0 = Release|Win32
		{3EDB5A8A-9392-4D4D-94FE-42FD963E2B3D}.Debug|Any CPU.ActiveCfg = Debug|Win32
		{3EDB5A8A-9392-4D4D-94FE-42FD963E2B3D}.Debug|Any CPU.Build.0 = Debug|Win32
		{3EDB5A8A-9392-4D4D-94FE-42FD963E2B3D}.Debug|Mixed Platforms.ActiveCfg = Debug|Win32
		{3EDB5A8A-9392-4D4D-94FE-42FD963E2B3D}.Debug|Mixed Platforms.Build.0 = Debug|Win32
		{3EDB5A8A-9392-4D4D-94FE-42FD963E2B3D}.Debug|Win32.ActiveCfg = Debug|Win32
		{3EDB5A8A-9392-4D4D-94FE-42FD963E2B3D}.Debug|Win32.Build.0 = Debug|Win32
		{3EDB5A8A-9392-4D4D-94FE-42FD963E2B3D}.Release|Any CPU.ActiveCfg = Release|Win32
		{3EDB5A8A-9392-4D4D-94FE-42FD963E2B3D}.Release|Any CPU.Build.0 = Release|Win32
		{3EDB5A8A-9392-4D4D-94FE-42FD963E2B3D}.Release|Mixed Platforms.ActiveCfg = Release|Win32
		{3EDB5A8A-9392-4D4D-94FE-42FD963E2B3D}.Release|Mixed Platforms.Build.0 = Release|Win32
		{3EDB5A8A-9392-4D4D-94FE-42FD963E2B3D}.Release|Win32.ActiveCfg = Release|Win32
		{3EDB5A8A-9392-4D4D-94FE-42FD963E2B3D}.Release|Win32.Build.0 = Release|Win32
		{438C03AA-4E29-4010-BBC7-CE46388EF706}.Debug|Any CPU.ActiveCfg = Debug|Any CPU
		{438C03AA-4E29-4010-BBC7-CE46388EF706}.Debug|Any CPU.Build.0 = Debug|Any CPU
		{438C03AA-4E29-4010-BBC7-CE46388EF706}.Debug|Mixed Platforms.ActiveCfg = Debug|Any CPU
		{438C03AA-4E29-4010-BBC7-CE46388EF706}.Debug|Mixed Platforms.Build.0 = Debug|Any CPU
		{438C03AA-4E29-4010-BBC7-CE46388EF706}.Debug|Win32.ActiveCfg = Debug|Any CPU
		{438C03AA-4E29-4010-BBC7-CE46388EF706}.Debug|Win32.Build.0 = Debug|Any CPU
		{438C03AA-4E29-4010-BBC7-CE46388EF706}.Release|Any CPU.ActiveCfg = Release|Any CPU
		{438C03AA-4E29-4010-BBC7-CE46388EF706}.Release|Any CPU.Build.0 = Release|Any CPU
		{438C03AA-4E29-4010-BBC7-CE46388EF706}.Release|Mixed Platforms.ActiveCfg = Release|Any CPU
		{438C03AA-4E29-4010-BBC7-CE46388EF706}.Release|Mixed Platforms.Build.0 = Release|Any CPU
		{438C03AA-4E29-4010-BBC7-CE46388EF706}.Release|Win32.ActiveCfg = Release|Any CPU
		{438C03AA-4E29-4010-BBC7-CE46388EF706}.Release|Win32.Build.0 = Release|Any CPU
		{41A616C3-D6E8-4BF0-BB97-C4A4DAB01301}.Debug|Any CPU.ActiveCfg = Debug|Any CPU
		{41A616C3-D6E8-4BF0-BB97-C4A4DAB01301}.Debug|Any CPU.Build.0 = Debug|Any CPU
		{41A616C3-D6E8-4BF0-BB97-C4A4DAB01301}.Debug|Mixed Platforms.ActiveCfg = Debug|Any CPU
		{41A616C3-D6E8-4BF0-BB97-C4A4DAB01301}.Debug|Mixed Platforms.Build.0 = Debug|Any CPU
		{41A616C3-D6E8-4BF0-BB97-C4A4DAB01301}.Debug|Win32.ActiveCfg = Debug|Any CPU
		{41A616C3-D6E8-4BF0-BB97-C4A4DAB01301}.Debug|Win32.Build.0 = Debug|Any CPU
		{41A616C3-D6E8-4BF0-BB97-C4A4DAB01301}.Release|Any CPU.ActiveCfg = Release|Any CPU
		{41A616C3-D6E8-4BF0-BB97-C4A4DAB01301}.Release|Any CPU.Build.0 = Release|Any CPU
		{41A616C3-D6E8-4BF0-BB97-C4A4DAB01301}.Release|Mixed Platforms.ActiveCfg = Release|Any CPU
		{41A616C3-D6E8-4BF0-BB97-C4A4DAB01301}.Release|Mixed Platforms.Build.0 = Release|Any CPU
		{41A616C3-D6E8-4BF0-BB97-C4A4DAB01301}.Release|Win32.ActiveCfg = Release|Any CPU
		{41A616C3-D6E8-4BF0-BB97-C4A4DAB01301}.Release|Win32.Build.0 = Release|Any CPU
		{B2E512E7-22D6-40B4-8335-D35C250BE848}.Debug|Any CPU.ActiveCfg = Debug|Win32
		{B2E512E7-22D6-40B4-8335-D35C250BE848}.Debug|Any CPU.Build.0 = Debug|Win32
		{B2E512E7-22D6-40B4-8335-D35C250BE848}.Debug|Mixed Platforms.ActiveCfg = Debug|Win32
		{B2E512E7-22D6-40B4-8335-D35C250BE848}.Debug|Mixed Platforms.Build.0 = Debug|Win32
		{B2E512E7-22D6-40B4-8335-D35C250BE848}.Debug|Win32.ActiveCfg = Debug|Win32
		{B2E512E7-22D6-40B4-8335-D35C250BE848}.Debug|Win32.Build.0 = Debug|Win32
		{B2E512E7-22D6-40B4-8335-D35C250BE848}.Release|Any CPU.ActiveCfg = Release|Win32
		{B2E512E7-22D6-40B4-8335-D35C250BE848}.Release|Any CPU.Build.0 = Release|Win32
		{B2E512E7-22D6-40B4-8335-D35C250BE848}.Release|Mixed Platforms.ActiveCfg = Release|Win32
		{B2E512E7-22D6-40B4-8335-D35C250BE848}.Release|Mixed Platforms.Build.0 = Release|Win32
		{B2E512E7-22D6-40B4-8335-D35C250BE848}.Release|Win32.ActiveCfg = Release|Win32
		{B2E512E7-22D6-40B4-8335-D35C250BE848}.Release|Win32.Build.0 = Release|Win32
	EndGlobalSection
	GlobalSection(SolutionProperties) = preSolution
		HideSolutionNode = FALSE
	EndGlobalSection
EndGlobal
